// !$*UTF8*$!
{
	archiveVersion = 1;
	classes = {
	};
	objectVersion = 48;
	objects = {

/* Begin PBXBuildFile section */
		3325F53B1FD5377E004D0A60 /* AppDelegate.swift in Sources */ = {isa = PBXBuildFile; fileRef = 3325F53A1FD5377E004D0A60 /* AppDelegate.swift */; };
		3325F53D1FD5377E004D0A60 /* ViewController.swift in Sources */ = {isa = PBXBuildFile; fileRef = 3325F53C1FD5377E004D0A60 /* ViewController.swift */; };
		3325F5401FD5377E004D0A60 /* Main.storyboard in Resources */ = {isa = PBXBuildFile; fileRef = 3325F53E1FD5377E004D0A60 /* Main.storyboard */; };
		3325F5431FD5377E004D0A60 /* Directions.xcdatamodeld in Sources */ = {isa = PBXBuildFile; fileRef = 3325F5411FD5377E004D0A60 /* Directions.xcdatamodeld */; };
		3325F5451FD5377E004D0A60 /* Assets.xcassets in Resources */ = {isa = PBXBuildFile; fileRef = 3325F5441FD5377E004D0A60 /* Assets.xcassets */; };
		3325F5551FD66766004D0A60 /* MainVC.swift in Sources */ = {isa = PBXBuildFile; fileRef = 3325F5541FD66766004D0A60 /* MainVC.swift */; };
		3325F5571FD66790004D0A60 /* Intro.storyboard in Resources */ = {isa = PBXBuildFile; fileRef = 3325F5561FD66790004D0A60 /* Intro.storyboard */; };
/* End PBXBuildFile section */

/* Begin PBXFileReference section */
		3325F5371FD5377E004D0A60 /* Directions.app */ = {isa = PBXFileReference; explicitFileType = wrapper.application; includeInIndex = 0; path = Directions.app; sourceTree = BUILT_PRODUCTS_DIR; };
		3325F53A1FD5377E004D0A60 /* AppDelegate.swift */ = {isa = PBXFileReference; lastKnownFileType = sourcecode.swift; path = AppDelegate.swift; sourceTree = "<group>"; };
		3325F53C1FD5377E004D0A60 /* ViewController.swift */ = {isa = PBXFileReference; lastKnownFileType = sourcecode.swift; path = ViewController.swift; sourceTree = "<group>"; };
		3325F53F1FD5377E004D0A60 /* Base */ = {isa = PBXFileReference; lastKnownFileType = file.storyboard; name = Base; path = Base.lproj/Main.storyboard; sourceTree = "<group>"; };
		3325F5421FD5377E004D0A60 /* Directions.xcdatamodel */ = {isa = PBXFileReference; lastKnownFileType = wrapper.xcdatamodel; path = Directions.xcdatamodel; sourceTree = "<group>"; };
		3325F5441FD5377E004D0A60 /* Assets.xcassets */ = {isa = PBXFileReference; lastKnownFileType = folder.assetcatalog; path = Assets.xcassets; sourceTree = "<group>"; };
		3325F5491FD5377E004D0A60 /* Info.plist */ = {isa = PBXFileReference; lastKnownFileType = text.plist.xml; path = Info.plist; sourceTree = "<group>"; };
		3325F5541FD66766004D0A60 /* MainVC.swift */ = {isa = PBXFileReference; lastKnownFileType = sourcecode.swift; path = MainVC.swift; sourceTree = "<group>"; };
		3325F5561FD66790004D0A60 /* Intro.storyboard */ = {isa = PBXFileReference; lastKnownFileType = file.storyboard; path = Intro.storyboard; sourceTree = "<group>"; };
/* End PBXFileReference section */

/* Begin PBXFrameworksBuildPhase section */
		3325F5341FD5377E004D0A60 /* Frameworks */ = {
			isa = PBXFrameworksBuildPhase;
			buildActionMask = 2147483647;
			files = (
			);
			runOnlyForDeploymentPostprocessing = 0;
		};
/* End PBXFrameworksBuildPhase section */

/* Begin PBXGroup section */
		3325F52E1FD5377E004D0A60 = {
			isa = PBXGroup;
			children = (
				3325F5391FD5377E004D0A60 /* Directions */,
				3325F5381FD5377E004D0A60 /* Products */,
			);
			sourceTree = "<group>";
		};
		3325F5381FD5377E004D0A60 /* Products */ = {
			isa = PBXGroup;
			children = (
				3325F5371FD5377E004D0A60 /* Directions.app */,
			);
			name = Products;
			sourceTree = "<group>";
		};
		3325F5391FD5377E004D0A60 /* Directions */ = {
			isa = PBXGroup;
			children = (
				3325F5531FD6674E004D0A60 /* app */,
				3325F5521FD66744004D0A60 /* storyboard */,
				3325F5511FD66738004D0A60 /* controller */,
				3325F5441FD5377E004D0A60 /* Assets.xcassets */,
				3325F5491FD5377E004D0A60 /* Info.plist */,
				3325F5411FD5377E004D0A60 /* Directions.xcdatamodeld */,
			);
			path = Directions;
			sourceTree = "<group>";
		};
		3325F5511FD66738004D0A60 /* controller */ = {
			isa = PBXGroup;
			children = (
				3325F53C1FD5377E004D0A60 /* ViewController.swift */,
				3325F5541FD66766004D0A60 /* MainVC.swift */,
			);
			path = controller;
			sourceTree = "<group>";
		};
		3325F5521FD66744004D0A60 /* storyboard */ = {
			isa = PBXGroup;
			children = (
				3325F53E1FD5377E004D0A60 /* Main.storyboard */,
				3325F5561FD66790004D0A60 /* Intro.storyboard */,
			);
			path = storyboard;
			sourceTree = "<group>";
		};
		3325F5531FD6674E004D0A60 /* app */ = {
			isa = PBXGroup;
			children = (
				3325F53A1FD5377E004D0A60 /* AppDelegate.swift */,
			);
			path = app;
			sourceTree = "<group>";
		};
/* End PBXGroup section */

/* Begin PBXNativeTarget section */
		3325F5361FD5377E004D0A60 /* Directions */ = {
			isa = PBXNativeTarget;
			buildConfigurationList = 3325F54C1FD5377E004D0A60 /* Build configuration list for PBXNativeTarget "Directions" */;
			buildPhases = (
				3325F5331FD5377E004D0A60 /* Sources */,
				3325F5341FD5377E004D0A60 /* Frameworks */,
				3325F5351FD5377E004D0A60 /* Resources */,
			);
			buildRules = (
			);
			dependencies = (
			);
			name = Directions;
			productName = Directions;
			productReference = 3325F5371FD5377E004D0A60 /* Directions.app */;
			productType = "com.apple.product-type.application";
		};
/* End PBXNativeTarget section */

/* Begin PBXProject section */
		3325F52F1FD5377E004D0A60 /* Project object */ = {
			isa = PBXProject;
			attributes = {
				LastSwiftUpdateCheck = 0900;
				LastUpgradeCheck = 0900;
				ORGANIZATIONNAME = myWay;
				TargetAttributes = {
					3325F5361FD5377E004D0A60 = {
						CreatedOnToolsVersion = 9.0;
						ProvisioningStyle = Automatic;
					};
				};
			};
			buildConfigurationList = 3325F5321FD5377E004D0A60 /* Build configuration list for PBXProject "Directions" */;
			compatibilityVersion = "Xcode 8.0";
			developmentRegion = en;
			hasScannedForEncodings = 0;
			knownRegions = (
				en,
				Base,
			);
			mainGroup = 3325F52E1FD5377E004D0A60;
			productRefGroup = 3325F5381FD5377E004D0A60 /* Products */;
			projectDirPath = "";
			projectRoot = "";
			targets = (
				3325F5361FD5377E004D0A60 /* Directions */,
			);
		};
/* End PBXProject section */

/* Begin PBXResourcesBuildPhase section */
		3325F5351FD5377E004D0A60 /* Resources */ = {
			isa = PBXResourcesBuildPhase;
			buildActionMask = 2147483647;
			files = (
				3325F5451FD5377E004D0A60 /* Assets.xcassets in Resources */,
				3325F5401FD5377E004D0A60 /* Main.storyboard in Resources */,
				3325F5571FD66790004D0A60 /* Intro.storyboard in Resources */,
			);
			runOnlyForDeploymentPostprocessing = 0;
		};
/* End PBXResourcesBuildPhase section */

/* Begin PBXSourcesBuildPhase section */
		3325F5331FD5377E004D0A60 /* Sources */ = {
			isa = PBXSourcesBuildPhase;
			buildActionMask = 2147483647;
			files = (
				3325F53D1FD5377E004D0A60 /* ViewController.swift in Sources */,
				3325F5551FD66766004D0A60 /* MainVC.swift in Sources */,
				3325F5431FD5377E004D0A60 /* Directions.xcdatamodeld in Sources */,
				3325F53B1FD5377E004D0A60 /* AppDelegate.swift in Sources */,
			);
			runOnlyForDeploymentPostprocessing = 0;
		};
/* End PBXSourcesBuildPhase section */

/* Begin PBXVariantGroup section */
		3325F53E1FD5377E004D0A60 /* Main.storyboard */ = {
			isa = PBXVariantGroup;
			children = (
				3325F53F1FD5377E004D0A60 /* Base */,
			);
			name = Main.storyboard;
			sourceTree = "<group>";
		};
/* End PBXVariantGroup section */

/* Begin XCBuildConfiguration section */
		3325F54A1FD5377E004D0A60 /* Debug */ = {
			isa = XCBuildConfiguration;
			buildSettings = {
				ALWAYS_SEARCH_USER_PATHS = NO;
				CLANG_ANALYZER_NONNULL = YES;
				CLANG_ANALYZER_NUMBER_OBJECT_CONVERSION = YES_AGGRESSIVE;
				CLANG_CXX_LANGUAGE_STANDARD = "gnu++14";
				CLANG_CXX_LIBRARY = "libc++";
				CLANG_ENABLE_MODULES = YES;
				CLANG_ENABLE_OBJC_ARC = YES;
				CLANG_WARN_BLOCK_CAPTURE_AUTORELEASING = YES;
				CLANG_WARN_BOOL_CONVERSION = YES;
				CLANG_WARN_COMMA = YES;
				CLANG_WARN_CONSTANT_CONVERSION = YES;
				CLANG_WARN_DIRECT_OBJC_ISA_USAGE = YES_ERROR;
				CLANG_WARN_DOCUMENTATION_COMMENTS = YES;
				CLANG_WARN_EMPTY_BODY = YES;
				CLANG_WARN_ENUM_CONVERSION = YES;
				CLANG_WARN_INFINITE_RECURSION = YES;
				CLANG_WARN_INT_CONVERSION = YES;
				CLANG_WARN_NON_LITERAL_NULL_CONVERSION = YES;
				CLANG_WARN_OBJC_LITERAL_CONVERSION = YES;
				CLANG_WARN_OBJC_ROOT_CLASS = YES_ERROR;
				CLANG_WARN_RANGE_LOOP_ANALYSIS = YES;
				CLANG_WARN_STRICT_PROTOTYPES = YES;
				CLANG_WARN_SUSPICIOUS_MOVE = YES;
				CLANG_WARN_UNGUARDED_AVAILABILITY = YES_AGGRESSIVE;
				CLANG_WARN_UNREACHABLE_CODE = YES;
				CLANG_WARN__DUPLICATE_METHOD_MATCH = YES;
				CODE_SIGN_IDENTITY = "iPhone Developer";
				COPY_PHASE_STRIP = NO;
				DEBUG_INFORMATION_FORMAT = dwarf;
				ENABLE_STRICT_OBJC_MSGSEND = YES;
				ENABLE_TESTABILITY = YES;
				GCC_C_LANGUAGE_STANDARD = gnu11;
				GCC_DYNAMIC_NO_PIC = NO;
				GCC_NO_COMMON_BLOCKS = YES;
				GCC_OPTIMIZATION_LEVEL = 0;
				GCC_PREPROCESSOR_DEFINITIONS = (
					"DEBUG=1",
					"$(inherited)",
				);
				GCC_WARN_64_TO_32_BIT_CONVERSION = YES;
				GCC_WARN_ABOUT_RETURN_TYPE = YES_ERROR;
				GCC_WARN_UNDECLARED_SELECTOR = YES;
				GCC_WARN_UNINITIALIZED_AUTOS = YES_AGGRESSIVE;
				GCC_WARN_UNUSED_FUNCTION = YES;
				GCC_WARN_UNUSED_VARIABLE = YES;
				IPHONEOS_DEPLOYMENT_TARGET = 11.0;
				MTL_ENABLE_DEBUG_INFO = YES;
				ONLY_ACTIVE_ARCH = YES;
				SDKROOT = iphoneos;
				SWIFT_ACTIVE_COMPILATION_CONDITIONS = DEBUG;
				SWIFT_OPTIMIZATION_LEVEL = "-Onone";
			};
			name = Debug;
		};
		3325F54B1FD5377E004D0A60 /* Release */ = {
			isa = XCBuildConfiguration;
			buildSettings = {
				ALWAYS_SEARCH_USER_PATHS = NO;
				CLANG_ANALYZER_NONNULL = YES;
				CLANG_ANALYZER_NUMBER_OBJECT_CONVERSION = YES_AGGRESSIVE;
				CLANG_CXX_LANGUAGE_STANDARD = "gnu++14";
				CLANG_CXX_LIBRARY = "libc++";
				CLANG_ENABLE_MODULES = YES;
				CLANG_ENABLE_OBJC_ARC = YES;
				CLANG_WARN_BLOCK_CAPTURE_AUTORELEASING = YES;
				CLANG_WARN_BOOL_CONVERSION = YES;
				CLANG_WARN_COMMA = YES;
				CLANG_WARN_CONSTANT_CONVERSION = YES;
				CLANG_WARN_DIRECT_OBJC_ISA_USAGE = YES_ERROR;
				CLANG_WARN_DOCUMENTATION_COMMENTS = YES;
				CLANG_WARN_EMPTY_BODY = YES;
				CLANG_WARN_ENUM_CONVERSION = YES;
				CLANG_WARN_INFINITE_RECURSION = YES;
				CLANG_WARN_INT_CONVERSION = YES;
				CLANG_WARN_NON_LITERAL_NULL_CONVERSION = YES;
				CLANG_WARN_OBJC_LITERAL_CONVERSION = YES;
				CLANG_WARN_OBJC_ROOT_CLASS = YES_ERROR;
				CLANG_WARN_RANGE_LOOP_ANALYSIS = YES;
				CLANG_WARN_STRICT_PROTOTYPES = YES;
				CLANG_WARN_SUSPICIOUS_MOVE = YES;
				CLANG_WARN_UNGUARDED_AVAILABILITY = YES_AGGRESSIVE;
				CLANG_WARN_UNREACHABLE_CODE = YES;
				CLANG_WARN__DUPLICATE_METHOD_MATCH = YES;
				CODE_SIGN_IDENTITY = "iPhone Developer";
				COPY_PHASE_STRIP = NO;
				DEBUG_INFORMATION_FORMAT = "dwarf-with-dsym";
				ENABLE_NS_ASSERTIONS = NO;
				ENABLE_STRICT_OBJC_MSGSEND = YES;
				GCC_C_LANGUAGE_STANDARD = gnu11;
				GCC_NO_COMMON_BLOCKS = YES;
				GCC_WARN_64_TO_32_BIT_CONVERSION = YES;
				GCC_WARN_ABOUT_RETURN_TYPE = YES_ERROR;
				GCC_WARN_UNDECLARED_SELECTOR = YES;
				GCC_WARN_UNINITIALIZED_AUTOS = YES_AGGRESSIVE;
				GCC_WARN_UNUSED_FUNCTION = YES;
				GCC_WARN_UNUSED_VARIABLE = YES;
				IPHONEOS_DEPLOYMENT_TARGET = 11.0;
				MTL_ENABLE_DEBUG_INFO = NO;
				SDKROOT = iphoneos;
				SWIFT_OPTIMIZATION_LEVEL = "-Owholemodule";
				VALIDATE_PRODUCT = YES;
			};
			name = Release;
		};
		3325F54D1FD5377E004D0A60 /* Debug */ = {
			isa = XCBuildConfiguration;
			buildSettings = {
				ASSETCATALOG_COMPILER_APPICON_NAME = AppIcon;
				CODE_SIGN_STYLE = Automatic;
				DEVELOPMENT_TEAM = K4AURL6MBE;
				INFOPLIST_FILE = Directions/Info.plist;
				LD_RUNPATH_SEARCH_PATHS = "$(inherited) @executable_path/Frameworks";
				PRODUCT_BUNDLE_IDENTIFIER = com.myWay.Directions;
				PRODUCT_NAME = "$(TARGET_NAME)";
				SWIFT_VERSION = 4.0;
				TARGETED_DEVICE_FAMILY = "1,2";
			};
			name = Debug;
		};
		3325F54E1FD5377E004D0A60 /* Release */ = {
			isa = XCBuildConfiguration;
			buildSettings = {
				ASSETCATALOG_COMPILER_APPICON_NAME = AppIcon;
				CODE_SIGN_STYLE = Automatic;
				DEVELOPMENT_TEAM = K4AURL6MBE;
				INFOPLIST_FILE = Directions/Info.plist;
				LD_RUNPATH_SEARCH_PATHS = "$(inherited) @executable_path/Frameworks";
				PRODUCT_BUNDLE_IDENTIFIER = com.myWay.Directions;
				PRODUCT_NAME = "$(TARGET_NAME)";
				SWIFT_VERSION = 4.0;
				TARGETED_DEVICE_FAMILY = "1,2";
			};
			name = Release;
		};
/* End XCBuildConfiguration section */

/* Begin XCConfigurationList section */
		3325F5321FD5377E004D0A60 /* Build configuration list for PBXProject "Directions" */ = {
			isa = XCConfigurationList;
			buildConfigurations = (
				3325F54A1FD5377E004D0A60 /* Debug */,
				3325F54B1FD5377E004D0A60 /* Release */,
			);
			defaultConfigurationIsVisible = 0;
			defaultConfigurationName = Release;
		};
		3325F54C1FD5377E004D0A60 /* Build configuration list for PBXNativeTarget "Directions" */ = {
			isa = XCConfigurationList;
			buildConfigurations = (
				3325F54D1FD5377E004D0A60 /* Debug */,
				3325F54E1FD5377E004D0A60 /* Release */,
			);
			defaultConfigurationIsVisible = 0;
			defaultConfigurationName = Release;
		};
/* End XCConfigurationList section */

/* Begin XCVersionGroup section */
		3325F5411FD5377E004D0A60 /* Directions.xcdatamodeld */ = {
			isa = XCVersionGroup;
			children = (
				3325F5421FD5377E004D0A60 /* Directions.xcdatamodel */,
			);
			currentVersion = 3325F5421FD5377E004D0A60 /* Directions.xcdatamodel */;
			path = Directions.xcdatamodeld;
			sourceTree = "<group>";
			versionGroupType = wrapper.xcdatamodel;
		};
/* End XCVersionGroup section */
	};
	rootObject = 3325F52F1FD5377E004D0A60 /* Project object */;
}
